
Microsoft Visual Studio Solution File, Format Version 12.00
# Visual Studio 14
VisualStudioVersion = 14.0.23107.0
MinimumVisualStudioVersion = 10.0.40219.1
Project("{FAE04EC0-301F-11D3-BF4B-00C04F79EFBC}") = "Assignment1", "Assignment1\Assignment1.csproj", "{F031F4B8-6D87-4E72-A817-130788029EF4}"
EndProject
Project("{FAE04EC0-301F-11D3-BF4B-00C04F79EFBC}") = "Assignment1VG", "Assignment1VG\Assignment1VG.csproj", "{FE4139EB-335B-4702-97E1-5D738932EC1C}"
EndProject
Global
	GlobalSection(SolutionConfigurationPlatforms) = preSolution
		Debug|Any CPU = Debug|Any CPU
		Release|Any CPU = Release|Any CPU
	EndGlobalSection
	GlobalSection(ProjectConfigurationPlatforms) = postSolution
		{F031F4B8-6D87-4E72-A817-130788029EF4}.Debug|Any CPU.ActiveCfg = Debug|Any CPU
		{F031F4B8-6D87-4E72-A817-130788029EF4}.Debug|Any CPU.Build.0 = Debug|Any CPU
		{F031F4B8-6D87-4E72-A817-130788029EF4}.Release|Any CPU.ActiveCfg = Release|Any CPU
		{F031F4B8-6D87-4E72-A817-130788029EF4}.Release|Any CPU.Build.0 = Release|Any CPU
		{FE4139EB-335B-4702-97E1-5D738932EC1C}.Debug|Any CPU.ActiveCfg = Debug|Any CPU
		{FE4139EB-335B-4702-97E1-5D738932EC1C}.Debug|Any CPU.Build.0 = Debug|Any CPU
		{FE4139EB-335B-4702-97E1-5D738932EC1C}.Release|Any CPU.ActiveCfg = Release|Any CPU
		{FE4139EB-335B-4702-97E1-5D738932EC1C}.Release|Any CPU.Build.0 = Release|Any CPU
	EndGlobalSection
	GlobalSection(SolutionProperties) = preSolution
		HideSolutionNode = FALSE
	EndGlobalSection
EndGlobal
